
Microsoft Visual Studio Solution File, Format Version 10.00
# Visual Studio 2008
Project("{FAE04EC0-301F-11D3-BF4B-00C04F79EFBC}") = "Parcelamento", "Parcelamento\Parcelamento.csproj", "{481BFD84-5E18-459B-81BC-EB9C4BEA67AB}"
EndProject
Global
	GlobalSection(SolutionConfigurationPlatforms) = preSolution
		Debug|x86 = Debug|x86
		Release|x86 = Release|x86
	EndGlobalSection
	GlobalSection(ProjectConfigurationPlatforms) = postSolution
		{481BFD84-5E18-459B-81BC-EB9C4BEA67AB}.Debug|x86.ActiveCfg = Debug|x86
		{481BFD84-5E18-459B-81BC-EB9C4BEA67AB}.Debug|x86.Build.0 = Debug|x86
		{481BFD84-5E18-459B-81BC-EB9C4BEA67AB}.Release|x86.ActiveCfg = Release|x86
		{481BFD84-5E18-459B-81BC-EB9C4BEA67AB}.Release|x86.Build.0 = Release|x86
	EndGlobalSection
	GlobalSection(MonoDevelopProperties) = preSolution
		StartupItem = Parcelamento\Parcelamento.csproj
	EndGlobalSection
EndGlobal
