
Microsoft Visual Studio Solution File, Format Version 10.00
# Visual Studio 2008
Project("{FAE04EC0-301F-11D3-BF4B-00C04F79EFBC}") = "Tabuada", "Tabuada\Tabuada.csproj", "{240E52DC-4283-4C88-87F8-3A64FCFC49D6}"
EndProject
Global
	GlobalSection(SolutionConfigurationPlatforms) = preSolution
		Debug|x86 = Debug|x86
		Release|x86 = Release|x86
	EndGlobalSection
	GlobalSection(ProjectConfigurationPlatforms) = postSolution
		{240E52DC-4283-4C88-87F8-3A64FCFC49D6}.Debug|x86.ActiveCfg = Debug|x86
		{240E52DC-4283-4C88-87F8-3A64FCFC49D6}.Debug|x86.Build.0 = Debug|x86
		{240E52DC-4283-4C88-87F8-3A64FCFC49D6}.Release|x86.ActiveCfg = Release|x86
		{240E52DC-4283-4C88-87F8-3A64FCFC49D6}.Release|x86.Build.0 = Release|x86
	EndGlobalSection
	GlobalSection(MonoDevelopProperties) = preSolution
		StartupItem = Tabuada\Tabuada.csproj
	EndGlobalSection
EndGlobal
