
Microsoft Visual Studio Solution File, Format Version 10.00
# Visual Studio 2008
Project("{FAE04EC0-301F-11D3-BF4B-00C04F79EFBC}") = "AnoNascimento", "AnoNascimento\AnoNascimento.csproj", "{27067F04-6C61-4E34-B991-F7425452FB00}"
EndProject
Global
	GlobalSection(SolutionConfigurationPlatforms) = preSolution
		Debug|x86 = Debug|x86
		Release|x86 = Release|x86
	EndGlobalSection
	GlobalSection(ProjectConfigurationPlatforms) = postSolution
		{27067F04-6C61-4E34-B991-F7425452FB00}.Debug|x86.ActiveCfg = Debug|x86
		{27067F04-6C61-4E34-B991-F7425452FB00}.Debug|x86.Build.0 = Debug|x86
		{27067F04-6C61-4E34-B991-F7425452FB00}.Release|x86.ActiveCfg = Release|x86
		{27067F04-6C61-4E34-B991-F7425452FB00}.Release|x86.Build.0 = Release|x86
	EndGlobalSection
	GlobalSection(MonoDevelopProperties) = preSolution
		StartupItem = AnoNascimento\AnoNascimento.csproj
	EndGlobalSection
EndGlobal
